{
  "name": "Terra",
  "lockfileVersion": 3,
  "requires": true,
  "packages": {
    "": {
      "dependencies": {
        "react-otp-input": "^3.1.1"
      }
    },
    "node_modules/react-otp-input": {
      "version": "3.1.1",
      "resolved": "https://registry.npmjs.org/react-otp-input/-/react-otp-input-3.1.1.tgz",
      "integrity": "sha512-bjPavgJ0/Zmf/AYi4onj8FbH93IjeD+e8pWwxIJreDEWsU1ILR5fs8jEJmMGWSBe/yyvPP6X/W6Mk9UkOCkTPw==",
      "peerDependencies": {
        "react": ">=16.8.6 || ^17.0.0 || ^18.0.0",
        "react-dom": ">=16.8.6 || ^17.0.0 || ^18.0.0"
      }
    }
  }
}
